
Microsoft Visual Studio Solution File, Format Version 12.00
# Visual Studio 15
Project("{FAE04EC0-301F-11D3-BF4B-00C04F79EFBC}") = "ApcupsdLib", "ApcupsdClient\ApcupsdLib.csproj", "{D0258A8E-BF34-4B38-97BE-E80368362CB5}"
EndProject
Project("{FAE04EC0-301F-11D3-BF4B-00C04F79EFBC}") = "ApcupsdExample", "ApcupsdExample\ApcupsdExample.csproj", "{B2FAA7A2-5A1A-456B-8916-9A2F9D2B75ED}"
EndProject
Global
	GlobalSection(SolutionConfigurationPlatforms) = preSolution
		Debug|Any CPU = Debug|Any CPU
		Release|Any CPU = Release|Any CPU
	EndGlobalSection
	GlobalSection(ProjectConfigurationPlatforms) = postSolution
		{D0258A8E-BF34-4B38-97BE-E80368362CB5}.Debug|Any CPU.ActiveCfg = Debug|Any CPU
		{D0258A8E-BF34-4B38-97BE-E80368362CB5}.Debug|Any CPU.Build.0 = Debug|Any CPU
		{D0258A8E-BF34-4B38-97BE-E80368362CB5}.Release|Any CPU.ActiveCfg = Release|Any CPU
		{D0258A8E-BF34-4B38-97BE-E80368362CB5}.Release|Any CPU.Build.0 = Release|Any CPU
		{B2FAA7A2-5A1A-456B-8916-9A2F9D2B75ED}.Debug|Any CPU.ActiveCfg = Debug|Any CPU
		{B2FAA7A2-5A1A-456B-8916-9A2F9D2B75ED}.Debug|Any CPU.Build.0 = Debug|Any CPU
		{B2FAA7A2-5A1A-456B-8916-9A2F9D2B75ED}.Release|Any CPU.ActiveCfg = Release|Any CPU
		{B2FAA7A2-5A1A-456B-8916-9A2F9D2B75ED}.Release|Any CPU.Build.0 = Release|Any CPU
	EndGlobalSection
EndGlobal
